
Microsoft Visual Studio Solution File, Format Version 12.00
# Visual Studio 2013
VisualStudioVersion = 12.0.31101.0
MinimumVisualStudioVersion = 10.0.40219.1
Project("{FAE04EC0-301F-11D3-BF4B-00C04F79EFBC}") = "Dojo.CoffeeMachine", "Dojo.CoffeeMachine.csproj", "{63EC4492-1528-49F0-82B7-65F4DD4C2731}"
EndProject
Project("{FAE04EC0-301F-11D3-BF4B-00C04F79EFBC}") = "Dojo.CoffeeMachine.Tests", "..\Dojo.CoffeeMachine.Tests\Dojo.CoffeeMachine.Tests.csproj", "{856C3569-EBB7-43BC-90FA-4C521AF02170}"
EndProject
Global
	GlobalSection(SolutionConfigurationPlatforms) = preSolution
		Debug|Any CPU = Debug|Any CPU
		Release|Any CPU = Release|Any CPU
	EndGlobalSection
	GlobalSection(ProjectConfigurationPlatforms) = postSolution
		{63EC4492-1528-49F0-82B7-65F4DD4C2731}.Debug|Any CPU.ActiveCfg = Debug|Any CPU
		{63EC4492-1528-49F0-82B7-65F4DD4C2731}.Debug|Any CPU.Build.0 = Debug|Any CPU
		{63EC4492-1528-49F0-82B7-65F4DD4C2731}.Release|Any CPU.ActiveCfg = Release|Any CPU
		{63EC4492-1528-49F0-82B7-65F4DD4C2731}.Release|Any CPU.Build.0 = Release|Any CPU
		{856C3569-EBB7-43BC-90FA-4C521AF02170}.Debug|Any CPU.ActiveCfg = Debug|Any CPU
		{856C3569-EBB7-43BC-90FA-4C521AF02170}.Debug|Any CPU.Build.0 = Debug|Any CPU
		{856C3569-EBB7-43BC-90FA-4C521AF02170}.Release|Any CPU.ActiveCfg = Release|Any CPU
		{856C3569-EBB7-43BC-90FA-4C521AF02170}.Release|Any CPU.Build.0 = Release|Any CPU
	EndGlobalSection
	GlobalSection(SolutionProperties) = preSolution
		HideSolutionNode = FALSE
	EndGlobalSection
EndGlobal
